
Microsoft Visual Studio Solution File, Format Version 12.00
# Visual Studio 15
VisualStudioVersion = 15.0.27703.2026
MinimumVisualStudioVersion = 10.0.40219.1
Project("{FAE04EC0-301F-11D3-BF4B-00C04F79EFBC}") = "PracticaStackPanel", "PracticaStackPanel\PracticaStackPanel.csproj", "{1449415B-4848-4EAE-A577-6499DA72E0AA}"
EndProject
Global
	GlobalSection(SolutionConfigurationPlatforms) = preSolution
		Debug|Any CPU = Debug|Any CPU
		Release|Any CPU = Release|Any CPU
	EndGlobalSection
	GlobalSection(ProjectConfigurationPlatforms) = postSolution
		{1449415B-4848-4EAE-A577-6499DA72E0AA}.Debug|Any CPU.ActiveCfg = Debug|Any CPU
		{1449415B-4848-4EAE-A577-6499DA72E0AA}.Debug|Any CPU.Build.0 = Debug|Any CPU
		{1449415B-4848-4EAE-A577-6499DA72E0AA}.Release|Any CPU.ActiveCfg = Release|Any CPU
		{1449415B-4848-4EAE-A577-6499DA72E0AA}.Release|Any CPU.Build.0 = Release|Any CPU
	EndGlobalSection
	GlobalSection(SolutionProperties) = preSolution
		HideSolutionNode = FALSE
	EndGlobalSection
	GlobalSection(ExtensibilityGlobals) = postSolution
		SolutionGuid = {E64901BE-B862-4599-A77E-C58B66CAEB7D}
	EndGlobalSection
EndGlobal
